{
  "name": "sandy-dal",
  "version": "0.0.1",
  "lockfileVersion": 3,
  "requires": true,
  "packages": {
    "": {
      "name": "sandy-dal",
      "version": "0.0.1",
      "license": "MIT",
      "dependencies": {
        "milwaukee-foundation": "^0.1.2"
      }
    },
    "node_modules/dotenv": {
      "version": "17.2.3",
      "resolved": "https://registry.npmjs.org/dotenv/-/dotenv-17.2.3.tgz",
      "integrity": "sha512-JVUnt+DUIzu87TABbhPmNfVdBDt18BLOWjMUFJMSi/Qqg7NTYtabbvSNJGOJ7afbRuv9D/lngizHtP7QyLQ+9w==",
      "license": "BSD-2-Clause",
      "engines": {
        "node": ">=12"
      },
      "funding": {
        "url": "https://dotenvx.com"
      }
    },
    "node_modules/milwaukee-foundation": {
      "version": "0.1.2",
      "resolved": "https://registry.npmjs.org/milwaukee-foundation/-/milwaukee-foundation-0.1.2.tgz",
      "integrity": "sha512-b4UsXOxlwSACQEv+j7XFb5rTjjamd3iDO4PefW+bsfztO1T77mYzunAjwTgx3lKgoElBlaK868b/z30Mx67maw==",
      "license": "MIT",
      "dependencies": {
        "dotenv": "^17.2.3"
      }
    }
  }
}
